
Microsoft Visual Studio Solution File, Format Version 12.00
# Visual Studio 2013
VisualStudioVersion = 12.0.21005.1
MinimumVisualStudioVersion = 10.0.40219.1
Project("{FAE04EC0-301F-11D3-BF4B-00C04F79EFBC}") = "YouDo", "YouDo\YouDo\YouDo.csproj", "{6A284DBD-E333-43CE-9D09-58D9F23FC417}"
EndProject
Project("{FAE04EC0-301F-11D3-BF4B-00C04F79EFBC}") = "YouDo.Droid", "YouDo\YouDo.Droid\YouDo.Droid.csproj", "{17BEB560-D175-4FEC-BDEE-EDC0CB244C67}"
EndProject
Global
	GlobalSection(TeamFoundationVersionControl) = preSolution
		SccNumberOfProjects = 3
		SccEnterpriseProvider = {4CA58AB2-18FA-4F8D-95D4-32DDF27D184C}
		SccTeamFoundationServer = https://kalacademy.visualstudio.com/defaultcollection
		SccLocalPath0 = .
		SccProjectUniqueName1 = YouDo\\YouDo.Droid\\YouDo.Droid.csproj
		SccProjectName1 = YouDo/YouDo.Droid
		SccLocalPath1 = YouDo\\YouDo.Droid
		SccProjectUniqueName2 = YouDo\\YouDo\\YouDo.csproj
		SccProjectName2 = YouDo/YouDo
		SccLocalPath2 = YouDo\\YouDo
	EndGlobalSection
	GlobalSection(SolutionConfigurationPlatforms) = preSolution
		Ad-Hoc|Any CPU = Ad-Hoc|Any CPU
		Ad-Hoc|iPhone = Ad-Hoc|iPhone
		Ad-Hoc|iPhoneSimulator = Ad-Hoc|iPhoneSimulator
		Ad-Hoc|Mixed Platforms = Ad-Hoc|Mixed Platforms
		AppStore|Any CPU = AppStore|Any CPU
		AppStore|iPhone = AppStore|iPhone
		AppStore|iPhoneSimulator = AppStore|iPhoneSimulator
		AppStore|Mixed Platforms = AppStore|Mixed Platforms
		Debug|Any CPU = Debug|Any CPU
		Debug|iPhone = Debug|iPhone
		Debug|iPhoneSimulator = Debug|iPhoneSimulator
		Debug|Mixed Platforms = Debug|Mixed Platforms
		Release|Any CPU = Release|Any CPU
		Release|iPhone = Release|iPhone
		Release|iPhoneSimulator = Release|iPhoneSimulator
		Release|Mixed Platforms = Release|Mixed Platforms
	EndGlobalSection
	GlobalSection(ProjectConfigurationPlatforms) = postSolution
		{6A284DBD-E333-43CE-9D09-58D9F23FC417}.Ad-Hoc|Any CPU.ActiveCfg = Release|Any CPU
		{6A284DBD-E333-43CE-9D09-58D9F23FC417}.Ad-Hoc|Any CPU.Build.0 = Release|Any CPU
		{6A284DBD-E333-43CE-9D09-58D9F23FC417}.Ad-Hoc|iPhone.ActiveCfg = Release|Any CPU
		{6A284DBD-E333-43CE-9D09-58D9F23FC417}.Ad-Hoc|iPhoneSimulator.ActiveCfg = Release|Any CPU
		{6A284DBD-E333-43CE-9D09-58D9F23FC417}.Ad-Hoc|Mixed Platforms.ActiveCfg = Release|Any CPU
		{6A284DBD-E333-43CE-9D09-58D9F23FC417}.Ad-Hoc|Mixed Platforms.Build.0 = Release|Any CPU
		{6A284DBD-E333-43CE-9D09-58D9F23FC417}.AppStore|Any CPU.ActiveCfg = Release|Any CPU
		{6A284DBD-E333-43CE-9D09-58D9F23FC417}.AppStore|Any CPU.Build.0 = Release|Any CPU
		{6A284DBD-E333-43CE-9D09-58D9F23FC417}.AppStore|iPhone.ActiveCfg = Release|Any CPU
		{6A284DBD-E333-43CE-9D09-58D9F23FC417}.AppStore|iPhoneSimulator.ActiveCfg = Release|Any CPU
		{6A284DBD-E333-43CE-9D09-58D9F23FC417}.AppStore|Mixed Platforms.ActiveCfg = Release|Any CPU
		{6A284DBD-E333-43CE-9D09-58D9F23FC417}.AppStore|Mixed Platforms.Build.0 = Release|Any CPU
		{6A284DBD-E333-43CE-9D09-58D9F23FC417}.Debug|Any CPU.ActiveCfg = Debug|Any CPU
		{6A284DBD-E333-43CE-9D09-58D9F23FC417}.Debug|Any CPU.Build.0 = Debug|Any CPU
		{6A284DBD-E333-43CE-9D09-58D9F23FC417}.Debug|iPhone.ActiveCfg = Debug|Any CPU
		{6A284DBD-E333-43CE-9D09-58D9F23FC417}.Debug|iPhoneSimulator.ActiveCfg = Debug|Any CPU
		{6A284DBD-E333-43CE-9D09-58D9F23FC417}.Debug|Mixed Platforms.ActiveCfg = Debug|Any CPU
		{6A284DBD-E333-43CE-9D09-58D9F23FC417}.Debug|Mixed Platforms.Build.0 = Debug|Any CPU
		{6A284DBD-E333-43CE-9D09-58D9F23FC417}.Release|Any CPU.ActiveCfg = Release|Any CPU
		{6A284DBD-E333-43CE-9D09-58D9F23FC417}.Release|Any CPU.Build.0 = Release|Any CPU
		{6A284DBD-E333-43CE-9D09-58D9F23FC417}.Release|iPhone.ActiveCfg = Release|Any CPU
		{6A284DBD-E333-43CE-9D09-58D9F23FC417}.Release|iPhoneSimulator.ActiveCfg = Release|Any CPU
		{6A284DBD-E333-43CE-9D09-58D9F23FC417}.Release|Mixed Platforms.ActiveCfg = Release|Any CPU
		{6A284DBD-E333-43CE-9D09-58D9F23FC417}.Release|Mixed Platforms.Build.0 = Release|Any CPU
		{17BEB560-D175-4FEC-BDEE-EDC0CB244C67}.Ad-Hoc|Any CPU.ActiveCfg = Release|Any CPU
		{17BEB560-D175-4FEC-BDEE-EDC0CB244C67}.Ad-Hoc|Any CPU.Build.0 = Release|Any CPU
		{17BEB560-D175-4FEC-BDEE-EDC0CB244C67}.Ad-Hoc|Any CPU.Deploy.0 = Release|Any CPU
		{17BEB560-D175-4FEC-BDEE-EDC0CB244C67}.Ad-Hoc|iPhone.ActiveCfg = Release|Any CPU
		{17BEB560-D175-4FEC-BDEE-EDC0CB244C67}.Ad-Hoc|iPhoneSimulator.ActiveCfg = Release|Any CPU
		{17BEB560-D175-4FEC-BDEE-EDC0CB244C67}.Ad-Hoc|Mixed Platforms.ActiveCfg = Release|Any CPU
		{17BEB560-D175-4FEC-BDEE-EDC0CB244C67}.Ad-Hoc|Mixed Platforms.Build.0 = Release|Any CPU
		{17BEB560-D175-4FEC-BDEE-EDC0CB244C67}.Ad-Hoc|Mixed Platforms.Deploy.0 = Release|Any CPU
		{17BEB560-D175-4FEC-BDEE-EDC0CB244C67}.AppStore|Any CPU.ActiveCfg = Release|Any CPU
		{17BEB560-D175-4FEC-BDEE-EDC0CB244C67}.AppStore|Any CPU.Build.0 = Release|Any CPU
		{17BEB560-D175-4FEC-BDEE-EDC0CB244C67}.AppStore|Any CPU.Deploy.0 = Release|Any CPU
		{17BEB560-D175-4FEC-BDEE-EDC0CB244C67}.AppStore|iPhone.ActiveCfg = Release|Any CPU
		{17BEB560-D175-4FEC-BDEE-EDC0CB244C67}.AppStore|iPhoneSimulator.ActiveCfg = Release|Any CPU
		{17BEB560-D175-4FEC-BDEE-EDC0CB244C67}.AppStore|Mixed Platforms.ActiveCfg = Release|Any CPU
		{17BEB560-D175-4FEC-BDEE-EDC0CB244C67}.AppStore|Mixed Platforms.Build.0 = Release|Any CPU
		{17BEB560-D175-4FEC-BDEE-EDC0CB244C67}.AppStore|Mixed Platforms.Deploy.0 = Release|Any CPU
		{17BEB560-D175-4FEC-BDEE-EDC0CB244C67}.Debug|Any CPU.ActiveCfg = Debug|Any CPU
		{17BEB560-D175-4FEC-BDEE-EDC0CB244C67}.Debug|Any CPU.Build.0 = Debug|Any CPU
		{17BEB560-D175-4FEC-BDEE-EDC0CB244C67}.Debug|Any CPU.Deploy.0 = Debug|Any CPU
		{17BEB560-D175-4FEC-BDEE-EDC0CB244C67}.Debug|iPhone.ActiveCfg = Debug|Any CPU
		{17BEB560-D175-4FEC-BDEE-EDC0CB244C67}.Debug|iPhoneSimulator.ActiveCfg = Debug|Any CPU
		{17BEB560-D175-4FEC-BDEE-EDC0CB244C67}.Debug|Mixed Platforms.ActiveCfg = Debug|Any CPU
		{17BEB560-D175-4FEC-BDEE-EDC0CB244C67}.Debug|Mixed Platforms.Build.0 = Debug|Any CPU
		{17BEB560-D175-4FEC-BDEE-EDC0CB244C67}.Debug|Mixed Platforms.Deploy.0 = Debug|Any CPU
		{17BEB560-D175-4FEC-BDEE-EDC0CB244C67}.Release|Any CPU.ActiveCfg = Release|Any CPU
		{17BEB560-D175-4FEC-BDEE-EDC0CB244C67}.Release|Any CPU.Build.0 = Release|Any CPU
		{17BEB560-D175-4FEC-BDEE-EDC0CB244C67}.Release|Any CPU.Deploy.0 = Release|Any CPU
		{17BEB560-D175-4FEC-BDEE-EDC0CB244C67}.Release|iPhone.ActiveCfg = Release|Any CPU
		{17BEB560-D175-4FEC-BDEE-EDC0CB244C67}.Release|iPhoneSimulator.ActiveCfg = Release|Any CPU
		{17BEB560-D175-4FEC-BDEE-EDC0CB244C67}.Release|Mixed Platforms.ActiveCfg = Release|Any CPU
		{17BEB560-D175-4FEC-BDEE-EDC0CB244C67}.Release|Mixed Platforms.Build.0 = Release|Any CPU
		{17BEB560-D175-4FEC-BDEE-EDC0CB244C67}.Release|Mixed Platforms.Deploy.0 = Release|Any CPU
	EndGlobalSection
	GlobalSection(SolutionProperties) = preSolution
		HideSolutionNode = FALSE
	EndGlobalSection
EndGlobal
